
Microsoft Visual Studio Solution File, Format Version 12.00
# Visual Studio Version 17
VisualStudioVersion = 17.11.35222.181
MinimumVisualStudioVersion = 10.0.40219.1
Project("{FAE04EC0-301F-11D3-BF4B-00C04F79EFBC}") = "ConsoleApp", "ConsoleApp\ConsoleApp.csproj", "{77BF0C9D-E2EF-4C96-96F6-42D232E86E20}"
EndProject
Project("{FAE04EC0-301F-11D3-BF4B-00C04F79EFBC}") = "ConsoleApp2", "ConsoleApp2\ConsoleApp2.csproj", "{17794769-A09D-4D9A-8D3A-89220C6060C5}"
EndProject
Project("{FAE04EC0-301F-11D3-BF4B-00C04F79EFBC}") = "lib_TinhTienDien", "TienDien\lib_TinhTienDien.csproj", "{EAE143F9-2B01-431B-9868-ACE94727EA36}"
EndProject
Project("{FAE04EC0-301F-11D3-BF4B-00C04F79EFBC}") = "ConsoleApp3", "ConsoleApp3\ConsoleApp3.csproj", "{731E5346-6056-4981-90D8-B4A8B211E291}"
EndProject
Project("{FAE04EC0-301F-11D3-BF4B-00C04F79EFBC}") = "WindowsFormsTinhTienDien", "WindowsFormsTinhTienDien\WindowsFormsTinhTienDien.csproj", "{C89174BA-3683-4CB0-BC21-C903BA625EE6}"
EndProject
Project("{FAE04EC0-301F-11D3-BF4B-00C04F79EFBC}") = "WebApplication1", "WebApplication1\WebApplication1.csproj", "{E8EB429F-4166-434A-BC02-8B1379EA8B6F}"
EndProject
Project("{FAE04EC0-301F-11D3-BF4B-00C04F79EFBC}") = "WebApplication2", "WebApplication2\WebApplication2.csproj", "{A9046F18-5AD5-4C09-84C4-ACEF13CD5E3D}"
EndProject
Project("{FAE04EC0-301F-11D3-BF4B-00C04F79EFBC}") = "WebApplication3", "WebApplication3\WebApplication3.csproj", "{04FD7F53-7908-4BEA-9567-5F46E6261B8B}"
EndProject
Global
	GlobalSection(SolutionConfigurationPlatforms) = preSolution
		Debug|Any CPU = Debug|Any CPU
		Release|Any CPU = Release|Any CPU
	EndGlobalSection
	GlobalSection(ProjectConfigurationPlatforms) = postSolution
		{77BF0C9D-E2EF-4C96-96F6-42D232E86E20}.Debug|Any CPU.ActiveCfg = Debug|Any CPU
		{77BF0C9D-E2EF-4C96-96F6-42D232E86E20}.Debug|Any CPU.Build.0 = Debug|Any CPU
		{77BF0C9D-E2EF-4C96-96F6-42D232E86E20}.Release|Any CPU.ActiveCfg = Release|Any CPU
		{77BF0C9D-E2EF-4C96-96F6-42D232E86E20}.Release|Any CPU.Build.0 = Release|Any CPU
		{17794769-A09D-4D9A-8D3A-89220C6060C5}.Debug|Any CPU.ActiveCfg = Debug|Any CPU
		{17794769-A09D-4D9A-8D3A-89220C6060C5}.Debug|Any CPU.Build.0 = Debug|Any CPU
		{17794769-A09D-4D9A-8D3A-89220C6060C5}.Release|Any CPU.ActiveCfg = Release|Any CPU
		{17794769-A09D-4D9A-8D3A-89220C6060C5}.Release|Any CPU.Build.0 = Release|Any CPU
		{EAE143F9-2B01-431B-9868-ACE94727EA36}.Debug|Any CPU.ActiveCfg = Debug|Any CPU
		{EAE143F9-2B01-431B-9868-ACE94727EA36}.Debug|Any CPU.Build.0 = Debug|Any CPU
		{EAE143F9-2B01-431B-9868-ACE94727EA36}.Release|Any CPU.ActiveCfg = Release|Any CPU
		{EAE143F9-2B01-431B-9868-ACE94727EA36}.Release|Any CPU.Build.0 = Release|Any CPU
		{731E5346-6056-4981-90D8-B4A8B211E291}.Debug|Any CPU.ActiveCfg = Debug|Any CPU
		{731E5346-6056-4981-90D8-B4A8B211E291}.Debug|Any CPU.Build.0 = Debug|Any CPU
		{731E5346-6056-4981-90D8-B4A8B211E291}.Release|Any CPU.ActiveCfg = Release|Any CPU
		{731E5346-6056-4981-90D8-B4A8B211E291}.Release|Any CPU.Build.0 = Release|Any CPU
		{C89174BA-3683-4CB0-BC21-C903BA625EE6}.Debug|Any CPU.ActiveCfg = Debug|Any CPU
		{C89174BA-3683-4CB0-BC21-C903BA625EE6}.Debug|Any CPU.Build.0 = Debug|Any CPU
		{C89174BA-3683-4CB0-BC21-C903BA625EE6}.Release|Any CPU.ActiveCfg = Release|Any CPU
		{C89174BA-3683-4CB0-BC21-C903BA625EE6}.Release|Any CPU.Build.0 = Release|Any CPU
		{E8EB429F-4166-434A-BC02-8B1379EA8B6F}.Debug|Any CPU.ActiveCfg = Debug|Any CPU
		{E8EB429F-4166-434A-BC02-8B1379EA8B6F}.Debug|Any CPU.Build.0 = Debug|Any CPU
		{E8EB429F-4166-434A-BC02-8B1379EA8B6F}.Release|Any CPU.ActiveCfg = Release|Any CPU
		{E8EB429F-4166-434A-BC02-8B1379EA8B6F}.Release|Any CPU.Build.0 = Release|Any CPU
		{A9046F18-5AD5-4C09-84C4-ACEF13CD5E3D}.Debug|Any CPU.ActiveCfg = Debug|Any CPU
		{A9046F18-5AD5-4C09-84C4-ACEF13CD5E3D}.Debug|Any CPU.Build.0 = Debug|Any CPU
		{A9046F18-5AD5-4C09-84C4-ACEF13CD5E3D}.Release|Any CPU.ActiveCfg = Release|Any CPU
		{A9046F18-5AD5-4C09-84C4-ACEF13CD5E3D}.Release|Any CPU.Build.0 = Release|Any CPU
		{04FD7F53-7908-4BEA-9567-5F46E6261B8B}.Debug|Any CPU.ActiveCfg = Debug|Any CPU
		{04FD7F53-7908-4BEA-9567-5F46E6261B8B}.Debug|Any CPU.Build.0 = Debug|Any CPU
		{04FD7F53-7908-4BEA-9567-5F46E6261B8B}.Release|Any CPU.ActiveCfg = Release|Any CPU
		{04FD7F53-7908-4BEA-9567-5F46E6261B8B}.Release|Any CPU.Build.0 = Release|Any CPU
	EndGlobalSection
	GlobalSection(SolutionProperties) = preSolution
		HideSolutionNode = FALSE
	EndGlobalSection
	GlobalSection(ExtensibilityGlobals) = postSolution
		SolutionGuid = {102A824E-DF85-4E09-9B96-3330CDE4BA66}
	EndGlobalSection
EndGlobal
